
Microsoft Visual Studio Solution File, Format Version 12.00
# Visual Studio Version 16
VisualStudioVersion = 16.0.30523.141
MinimumVisualStudioVersion = 10.0.40219.1
Project("{FAE04EC0-301F-11D3-BF4B-00C04F79EFBC}") = "UserMaintenance", "UserMaintenance\UserMaintenance.csproj", "{B03197CD-BE51-4822-8ABD-B2EC96125914}"
EndProject
Global
	GlobalSection(SolutionConfigurationPlatforms) = preSolution
		Debug|Any CPU = Debug|Any CPU
		Release|Any CPU = Release|Any CPU
	EndGlobalSection
	GlobalSection(ProjectConfigurationPlatforms) = postSolution
		{B03197CD-BE51-4822-8ABD-B2EC96125914}.Debug|Any CPU.ActiveCfg = Debug|Any CPU
		{B03197CD-BE51-4822-8ABD-B2EC96125914}.Debug|Any CPU.Build.0 = Debug|Any CPU
		{B03197CD-BE51-4822-8ABD-B2EC96125914}.Release|Any CPU.ActiveCfg = Release|Any CPU
		{B03197CD-BE51-4822-8ABD-B2EC96125914}.Release|Any CPU.Build.0 = Release|Any CPU
	EndGlobalSection
	GlobalSection(SolutionProperties) = preSolution
		HideSolutionNode = FALSE
	EndGlobalSection
	GlobalSection(ExtensibilityGlobals) = postSolution
		SolutionGuid = {A3830041-9798-4652-83D2-2AAD7EAB71C9}
	EndGlobalSection
EndGlobal
